
Microsoft Visual Studio Solution File, Format Version 12.00
# Visual Studio Version 17
VisualStudioVersion = 17.14.36221.1 d17.14
MinimumVisualStudioVersion = 10.0.40219.1
Project("{FAE04EC0-301F-11D3-BF4B-00C04F79EFBC}") = "AppRpgEtec", "AppRpgEtec.csproj", "{09E00D3E-B2B6-4F06-86D5-1AD16CFE160C}"
EndProject
Global
	GlobalSection(SolutionConfigurationPlatforms) = preSolution
		Debug|Any CPU = Debug|Any CPU
		Release|Any CPU = Release|Any CPU
	EndGlobalSection
	GlobalSection(ProjectConfigurationPlatforms) = postSolution
		{09E00D3E-B2B6-4F06-86D5-1AD16CFE160C}.Debug|Any CPU.ActiveCfg = Debug|Any CPU
		{09E00D3E-B2B6-4F06-86D5-1AD16CFE160C}.Debug|Any CPU.Build.0 = Debug|Any CPU
		{09E00D3E-B2B6-4F06-86D5-1AD16CFE160C}.Release|Any CPU.ActiveCfg = Release|Any CPU
		{09E00D3E-B2B6-4F06-86D5-1AD16CFE160C}.Release|Any CPU.Build.0 = Release|Any CPU
	EndGlobalSection
	GlobalSection(SolutionProperties) = preSolution
		HideSolutionNode = FALSE
	EndGlobalSection
	GlobalSection(ExtensibilityGlobals) = postSolution
		SolutionGuid = {A2E27F91-EEA1-40FC-80ED-1D98F89785A2}
	EndGlobalSection
EndGlobal
